version = 1
revision = 3
requires-python = ">=3.10"

[[package]]
name = "tool-scripts"
version = "0.1.0"
source = { virtual = "." }
dependencies = [
    { name = "yt-dlp" },
]

[package.metadata]
requires-dist = [{ name = "yt-dlp", specifier = ">=2026.1.29" }]

[[package]]
name = "yt-dlp"
version = "2026.1.29"
source = { registry = "https://pypi.org/simple" }
sdist = { url = "https://files.pythonhosted.org/packages/42/b6/b401777f2fb16cb35bfc352079b8c5a60fbc8189c655539f51a9847d1e0b/yt_dlp-2026.1.29.tar.gz", hash = "sha256:12b489eb16828cc3fff1723f244992ebae8a5bf1ad75c8e9f01d729ae237ebb9", size = 3098668, upload-time = "2026-01-29T17:18:03.394Z" }
wheels = [
    { url = "https://files.pythonhosted.org/packages/0f/1d/696538eb18a9da3dd4b7772162cb3a6537723a56426a7452b98201c04bfd/yt_dlp-2026.1.29-py3-none-any.whl", hash = "sha256:08d0a25aead160c4787cbd0d2e82a269c75c8dbcfbfa729ce45ad52a8375fa1d", size = 3297510, upload-time = "2026-01-29T17:18:01.369Z" },
]
